{
    "_readme": [
        "This file locks the dependencies of your project to a known state",
        "Read more about it at https://getcomposer.org/doc/01-basic-usage.md#installing-dependencies",
        "This file is @generated automatically"
    ],
    "content-hash": "24ad553cde45e4b5264a655e695a7fe1",
    "packages": [
        {
            "name": "kartik-v/yii2-krajee-base",
            "version": "v3.0.5",
            "source": {
                "type": "git",
                "url": "https://github.com/kartik-v/yii2-krajee-base.git",
                "reference": "5c095126d1be47e0bb1f92779b7dc099f6feae31"
            },
            "dist": {
                "type": "zip",
                "url": "https://api.github.com/repos/kartik-v/yii2-krajee-base/zipball/5c095126d1be47e0bb1f92779b7dc099f6feae31",
                "reference": "5c095126d1be47e0bb1f92779b7dc099f6feae31",
                "shasum": ""
            },
            "suggest": {
                "yiisoft/yii2-bootstrap": "for Krajee extensions to work with Bootstrap 3.x version",
                "yiisoft/yii2-bootstrap4": "for Krajee extensions to work with Bootstrap 4.x version",
                "yiisoft/yii2-bootstrap5": "for Krajee extensions to work with Bootstrap 5.x version"
            },
            "type": "yii2-extension",
            "extra": {
                "branch-alias": {
                    "dev-master": "3.0.x-dev"
                }
            },
            "autoload": {
                "psr-4": {
                    "kartik\\base\\": "src"
                }
            },
            "notification-url": "https://packagist.org/downloads/",
            "license": [
                "BSD-3-Clause"
            ],
            "authors": [
                {
                    "name": "Kartik Visweswaran",
                    "email": "kartikv2@gmail.com",
                    "homepage": "http://www.krajee.com/"
                }
            ],
            "description": "Base library and foundation components for all Yii2 Krajee extensions.",
            "homepage": "https://github.com/kartik-v/yii2-krajee-base",
            "keywords": [
                "base",
                "extension",
                "foundation",
                "krajee",
                "widget",
                "yii2"
            ],
            "support": {
                "issues": "https://github.com/kartik-v/yii2-krajee-base/issues",
                "source": "https://github.com/kartik-v/yii2-krajee-base/tree/v3.0.5"
            },
            "time": "2022-06-01T14:05:39+00:00"
        },
        {
            "name": "kartik-v/yii2-number",
            "version": "dev-master",
            "source": {
                "type": "git",
                "url": "https://github.com/kartik-v/yii2-number.git",
                "reference": "0e1d1233041c9b64428fa393fd6f66f1c95dd5a0"
            },
            "dist": {
                "type": "zip",
                "url": "https://api.github.com/repos/kartik-v/yii2-number/zipball/0e1d1233041c9b64428fa393fd6f66f1c95dd5a0",
                "reference": "0e1d1233041c9b64428fa393fd6f66f1c95dd5a0",
                "shasum": ""
            },
            "require": {
                "kartik-v/yii2-krajee-base": ">=2.0.0"
            },
            "default-branch": true,
            "type": "yii2-extension",
            "extra": {
                "branch-alias": {
                    "dev-master": "1.0.x-dev"
                }
            },
            "autoload": {
                "psr-4": {
                    "kartik\\number\\": "src"
                }
            },
            "notification-url": "https://packagist.org/downloads/",
            "license": [
                "BSD-3-Clause"
            ],
            "authors": [
                {
                    "name": "Kartik Visweswaran",
                    "email": "kartikv2@gmail.com",
                    "homepage": "http://www.krajee.com/"
                }
            ],
            "description": "Number control and format mask input for Yii2 Framework.",
            "homepage": "https://github.com/kartik-v/yii2-number",
            "keywords": [
                "currency",
                "extension",
                "format",
                "mask",
                "number",
                "number control",
                "widget",
                "yii2"
            ],
            "support": {
                "issues": "https://github.com/kartik-v/yii2-number/issues",
                "source": "https://github.com/kartik-v/yii2-number/tree/master"
            },
            "funding": [
                {
                    "url": "https://opencollective.com/kartik-v",
                    "type": "open_collective"
                }
            ],
            "time": "2019-06-19T07:12:40+00:00"
        }
    ],
    "packages-dev": [],
    "aliases": [],
    "minimum-stability": "dev",
    "stability-flags": {
        "kartik-v/yii2-number": 20
    },
    "prefer-stable": true,
    "prefer-lowest": false,
    "platform": [],
    "platform-dev": [],
    "plugin-api-version": "2.2.0"
}
